
Microsoft Visual Studio Solution File, Format Version 12.00
# Visual Studio Version 17
VisualStudioVersion = 17.0.32112.339
MinimumVisualStudioVersion = 10.0.40219.1
Project("{FAE04EC0-301F-11D3-BF4B-00C04F79EFBC}") = "MyRestServices", "MyRestServices.csproj", "{420B9CF1-9153-49A6-B284-C161C452BE45}"
EndProject
Project("{FAE04EC0-301F-11D3-BF4B-00C04F79EFBC}") = "MultiIUsagePage", "..\TryItPages\MultiIUsagePage.csproj", "{0955F1AA-0F39-4FC9-A369-19D5EB0D6BB6}"
EndProject
Global
	GlobalSection(SolutionConfigurationPlatforms) = preSolution
		Debug|Any CPU = Debug|Any CPU
		Release|Any CPU = Release|Any CPU
	EndGlobalSection
	GlobalSection(ProjectConfigurationPlatforms) = postSolution
		{420B9CF1-9153-49A6-B284-C161C452BE45}.Debug|Any CPU.ActiveCfg = Debug|Any CPU
		{420B9CF1-9153-49A6-B284-C161C452BE45}.Debug|Any CPU.Build.0 = Debug|Any CPU
		{420B9CF1-9153-49A6-B284-C161C452BE45}.Release|Any CPU.ActiveCfg = Release|Any CPU
		{420B9CF1-9153-49A6-B284-C161C452BE45}.Release|Any CPU.Build.0 = Release|Any CPU
		{0955F1AA-0F39-4FC9-A369-19D5EB0D6BB6}.Debug|Any CPU.ActiveCfg = Debug|Any CPU
		{0955F1AA-0F39-4FC9-A369-19D5EB0D6BB6}.Debug|Any CPU.Build.0 = Debug|Any CPU
		{0955F1AA-0F39-4FC9-A369-19D5EB0D6BB6}.Release|Any CPU.ActiveCfg = Release|Any CPU
		{0955F1AA-0F39-4FC9-A369-19D5EB0D6BB6}.Release|Any CPU.Build.0 = Release|Any CPU
	EndGlobalSection
	GlobalSection(SolutionProperties) = preSolution
		HideSolutionNode = FALSE
	EndGlobalSection
	GlobalSection(ExtensibilityGlobals) = postSolution
		SolutionGuid = {B5FCDDCF-98AF-4474-BF41-BD225008E022}
	EndGlobalSection
EndGlobal
